
Microsoft Visual Studio Solution File, Format Version 12.00
# Visual Studio Version 17
VisualStudioVersion = 17.7.34202.233
MinimumVisualStudioVersion = 10.0.40219.1
Project("{FAE04EC0-301F-11D3-BF4B-00C04F79EFBC}") = "Hci.Gma.CodeGenerators.YamlGenerators", "Hci.Gma.CodeGenerators.YamlGenerators\Hci.Gma.CodeGenerators.YamlGenerators.csproj", "{00905DF9-C705-4951-B8A5-519E5A1111A0}"
EndProject
Project("{FAE04EC0-301F-11D3-BF4B-00C04F79EFBC}") = "Hci.Gma.CodeGenerators.Cli", "Hci.Gma.CodeGenerators.Cli\Hci.Gma.CodeGenerators.Cli.csproj", "{AC7B2027-6632-4DA3-A003-DD52B9401D4F}"
EndProject
Global
	GlobalSection(SolutionConfigurationPlatforms) = preSolution
		Debug|Any CPU = Debug|Any CPU
		Release|Any CPU = Release|Any CPU
	EndGlobalSection
	GlobalSection(ProjectConfigurationPlatforms) = postSolution
		{00905DF9-C705-4951-B8A5-519E5A1111A0}.Debug|Any CPU.ActiveCfg = Debug|Any CPU
		{00905DF9-C705-4951-B8A5-519E5A1111A0}.Debug|Any CPU.Build.0 = Debug|Any CPU
		{00905DF9-C705-4951-B8A5-519E5A1111A0}.Release|Any CPU.ActiveCfg = Release|Any CPU
		{00905DF9-C705-4951-B8A5-519E5A1111A0}.Release|Any CPU.Build.0 = Release|Any CPU
		{AC7B2027-6632-4DA3-A003-DD52B9401D4F}.Debug|Any CPU.ActiveCfg = Debug|Any CPU
		{AC7B2027-6632-4DA3-A003-DD52B9401D4F}.Debug|Any CPU.Build.0 = Debug|Any CPU
		{AC7B2027-6632-4DA3-A003-DD52B9401D4F}.Release|Any CPU.ActiveCfg = Release|Any CPU
		{AC7B2027-6632-4DA3-A003-DD52B9401D4F}.Release|Any CPU.Build.0 = Release|Any CPU
	EndGlobalSection
	GlobalSection(SolutionProperties) = preSolution
		HideSolutionNode = FALSE
	EndGlobalSection
	GlobalSection(ExtensibilityGlobals) = postSolution
		SolutionGuid = {2EE9536C-3B23-490E-8C8A-2BF4675BF7BB}
	EndGlobalSection
EndGlobal
